
Microsoft Visual Studio Solution File, Format Version 12.00
# Visual Studio Version 17
VisualStudioVersion = 17.14.36408.4
MinimumVisualStudioVersion = 10.0.40219.1
Project("{FAE04EC0-301F-11D3-BF4B-00C04F79EFBC}") = "NotSoFitTreadmill", "NotSoFitTreadmill.csproj", "{160A8246-5174-4BF3-AFE7-656C757B6E04}"
EndProject
Project("{2150E333-8FDC-42A3-9474-1A3956D46DE8}") = "Solution Items", "Solution Items", "{8EC462FD-D22E-90A8-E5CE-7E832BA40C5D}"
	ProjectSection(SolutionItems) = preProject
		InstallerCreationInstructionsFromGemini_09212025.docx = InstallerCreationInstructionsFromGemini_09212025.docx
		InstallerCreationTipsFromGemini_09212025.docx = InstallerCreationTipsFromGemini_09212025.docx
	EndProjectSection
EndProject
Project("{54435603-DBB4-11D2-8724-00A0C9A8B90C}") = "NotSoFitTreadmillInstaller", "NotSoFitTreadmillInstaller\NotSoFitTreadmillInstaller.vdproj", "{8313AE82-9E06-529D-F401-1E5B7AFE3660}"
EndProject
Global
	GlobalSection(SolutionConfigurationPlatforms) = preSolution
		Debug|Any CPU = Debug|Any CPU
		Release|Any CPU = Release|Any CPU
	EndGlobalSection
	GlobalSection(ProjectConfigurationPlatforms) = postSolution
		{160A8246-5174-4BF3-AFE7-656C757B6E04}.Debug|Any CPU.ActiveCfg = Debug|Any CPU
		{160A8246-5174-4BF3-AFE7-656C757B6E04}.Debug|Any CPU.Build.0 = Debug|Any CPU
		{160A8246-5174-4BF3-AFE7-656C757B6E04}.Release|Any CPU.ActiveCfg = Release|Any CPU
		{160A8246-5174-4BF3-AFE7-656C757B6E04}.Release|Any CPU.Build.0 = Release|Any CPU
		{8313AE82-9E06-529D-F401-1E5B7AFE3660}.Debug|Any CPU.ActiveCfg = Debug
		{8313AE82-9E06-529D-F401-1E5B7AFE3660}.Release|Any CPU.ActiveCfg = Release
	EndGlobalSection
	GlobalSection(SolutionProperties) = preSolution
		HideSolutionNode = FALSE
	EndGlobalSection
	GlobalSection(ExtensibilityGlobals) = postSolution
		SolutionGuid = {601B49DE-F93B-4D2F-863D-77A158743109}
	EndGlobalSection
EndGlobal
